
Microsoft Visual Studio Solution File, Format Version 12.00
# Visual Studio 15
VisualStudioVersion = 15.0.27703.2035
MinimumVisualStudioVersion = 10.0.40219.1
Project("{FAE04EC0-301F-11D3-BF4B-00C04F79EFBC}") = "RedditDailyCoding", "Reddit Coding Challenges\RedditDailyCoding.csproj", "{C696E5DC-1BDC-467C-8DDC-A2266DAEA477}"
EndProject
Project("{FAE04EC0-301F-11D3-BF4B-00C04F79EFBC}") = "RedditDailyCoding.Solutions", "RedditDailyCoding.Solutions\RedditDailyCoding.Solutions.csproj", "{87A721B3-01B4-49EC-AC9E-6EC58425A26B}"
EndProject
Global
	GlobalSection(SolutionConfigurationPlatforms) = preSolution
		Debug|Any CPU = Debug|Any CPU
		Release|Any CPU = Release|Any CPU
	EndGlobalSection
	GlobalSection(ProjectConfigurationPlatforms) = postSolution
		{C696E5DC-1BDC-467C-8DDC-A2266DAEA477}.Debug|Any CPU.ActiveCfg = Debug|Any CPU
		{C696E5DC-1BDC-467C-8DDC-A2266DAEA477}.Debug|Any CPU.Build.0 = Debug|Any CPU
		{C696E5DC-1BDC-467C-8DDC-A2266DAEA477}.Release|Any CPU.ActiveCfg = Release|Any CPU
		{C696E5DC-1BDC-467C-8DDC-A2266DAEA477}.Release|Any CPU.Build.0 = Release|Any CPU
		{87A721B3-01B4-49EC-AC9E-6EC58425A26B}.Debug|Any CPU.ActiveCfg = Debug|Any CPU
		{87A721B3-01B4-49EC-AC9E-6EC58425A26B}.Debug|Any CPU.Build.0 = Debug|Any CPU
		{87A721B3-01B4-49EC-AC9E-6EC58425A26B}.Release|Any CPU.ActiveCfg = Release|Any CPU
		{87A721B3-01B4-49EC-AC9E-6EC58425A26B}.Release|Any CPU.Build.0 = Release|Any CPU
	EndGlobalSection
	GlobalSection(SolutionProperties) = preSolution
		HideSolutionNode = FALSE
	EndGlobalSection
	GlobalSection(ExtensibilityGlobals) = postSolution
		SolutionGuid = {F7440FE8-DFE2-4622-BB9A-8033680A17B3}
	EndGlobalSection
EndGlobal
